
Microsoft Visual Studio Solution File, Format Version 12.00
# Visual Studio Version 16
VisualStudioVersion = 16.0.30711.63
MinimumVisualStudioVersion = 10.0.40219.1
Project("{FAE04EC0-301F-11D3-BF4B-00C04F79EFBC}") = "SendMail", "SendMail\SendMail.csproj", "{9DE37678-C785-4874-B24F-E5A9D79EA27A}"
EndProject
Global
	GlobalSection(SolutionConfigurationPlatforms) = preSolution
		Debug|Any CPU = Debug|Any CPU
		Release|Any CPU = Release|Any CPU
	EndGlobalSection
	GlobalSection(ProjectConfigurationPlatforms) = postSolution
		{9DE37678-C785-4874-B24F-E5A9D79EA27A}.Debug|Any CPU.ActiveCfg = Debug|Any CPU
		{9DE37678-C785-4874-B24F-E5A9D79EA27A}.Debug|Any CPU.Build.0 = Debug|Any CPU
		{9DE37678-C785-4874-B24F-E5A9D79EA27A}.Release|Any CPU.ActiveCfg = Release|Any CPU
		{9DE37678-C785-4874-B24F-E5A9D79EA27A}.Release|Any CPU.Build.0 = Release|Any CPU
	EndGlobalSection
	GlobalSection(SolutionProperties) = preSolution
		HideSolutionNode = FALSE
	EndGlobalSection
	GlobalSection(ExtensibilityGlobals) = postSolution
		SolutionGuid = {F9C189D6-D21A-47B2-ABAB-DBF91081D74C}
	EndGlobalSection
EndGlobal
